
Microsoft Visual Studio Solution File, Format Version 12.00
# Visual Studio Version 16
VisualStudioVersion = 16.0.29806.167
MinimumVisualStudioVersion = 10.0.40219.1
Project("{8BC9CEB8-8B4A-11D0-8D11-00A0C91BC942}") = "Communist 3", "Communist 3\Communist 3.vcxproj", "{6C69A6EB-3662-414D-86DE-197CF7827244}"
EndProject
Global
	GlobalSection(SolutionConfigurationPlatforms) = preSolution
		Debug|x64 = Debug|x64
		Debug|x86 = Debug|x86
		Release|x64 = Release|x64
		Release|x86 = Release|x86
	EndGlobalSection
	GlobalSection(ProjectConfigurationPlatforms) = postSolution
		{6C69A6EB-3662-414D-86DE-197CF7827244}.Debug|x64.ActiveCfg = Debug|x64
		{6C69A6EB-3662-414D-86DE-197CF7827244}.Debug|x64.Build.0 = Debug|x64
		{6C69A6EB-3662-414D-86DE-197CF7827244}.Debug|x86.ActiveCfg = Debug|Win32
		{6C69A6EB-3662-414D-86DE-197CF7827244}.Debug|x86.Build.0 = Debug|Win32
		{6C69A6EB-3662-414D-86DE-197CF7827244}.Release|x64.ActiveCfg = Release|x64
		{6C69A6EB-3662-414D-86DE-197CF7827244}.Release|x64.Build.0 = Release|x64
		{6C69A6EB-3662-414D-86DE-197CF7827244}.Release|x86.ActiveCfg = Release|Win32
		{6C69A6EB-3662-414D-86DE-197CF7827244}.Release|x86.Build.0 = Release|Win32
	EndGlobalSection
	GlobalSection(SolutionProperties) = preSolution
		HideSolutionNode = FALSE
	EndGlobalSection
	GlobalSection(ExtensibilityGlobals) = postSolution
		SolutionGuid = {66DFD2E0-4EC5-46A1-882B-B465727D178A}
	EndGlobalSection
EndGlobal
